PODS:
  - Alamofire (5.10.2)
  - AppAuth (2.0.0):
    - AppAuth/Core (= 2.0.0)
    - AppAuth/ExternalUserAgent (= 2.0.0)
  - AppAuth/Core (2.0.0)
  - AppAuth/ExternalUserAgent (2.0.0):
    - AppAuth/Core
  - AppCheckCore (11.2.0):
    - GoogleUtilities/Environment (~> 8.0)
    - GoogleUtilities/UserDefaults (~> 8.0)
    - PromisesObjC (~> 2.4)
  - BigInt (5.2.0)
  - Capacitor (7.6.0):
    - CapacitorCordova
  - CapacitorApp (7.1.2):
    - Capacitor
  - CapacitorCordova (7.6.0)
  - CapacitorFilesystem (8.1.2):
    - Capacitor
    - IONFilesystemLib (~> 1.1.1)
  - CapacitorHaptics (7.0.4):
    - Capacitor
  - CapacitorKeyboard (7.0.5):
    - Capacitor
  - CapacitorPluginSafeArea (5.0.0):
    - Capacitor
  - CapacitorPushNotifications (7.0.6):
    - Capacitor
  - CapacitorShare (8.0.1):
    - Capacitor
  - CapacitorStatusBar (7.0.5):
    - Capacitor
  - CapgoCapacitorSocialLogin (8.3.9):
    - Alamofire (~> 5.10.2)
    - Capacitor
    - FBSDKCoreKit (~> 18.0)
    - FBSDKLoginKit (~> 18.0)
    - GoogleSignIn (~> 9.0.0)
  - CapgoCapacitorUpdater (7.43.3):
    - Alamofire (= 5.10.2)
    - BigInt (= 5.2.0)
    - Capacitor
    - Version (= 0.8.0)
    - ZIPFoundation (~> 0.9)
  - FBAEMKit (18.0.3):
    - FBSDKCoreKit_Basics (= 18.0.3)
  - FBSDKCoreKit (18.0.3):
    - FBAEMKit (= 18.0.3)
    - FBSDKCoreKit_Basics (= 18.0.3)
  - FBSDKCoreKit_Basics (18.0.3)
  - FBSDKLoginKit (18.0.3):
    - FBSDKCoreKit (= 18.0.3)
  - FirebaseCore (12.10.0):
    - FirebaseCoreInternal (~> 12.10.0)
    - GoogleUtilities/Environment (~> 8.1)
    - GoogleUtilities/Logger (~> 8.1)
  - FirebaseCoreInternal (12.10.0):
    - "GoogleUtilities/NSData+zlib (~> 8.1)"
  - FirebaseInstallations (12.10.0):
    - FirebaseCore (~> 12.10.0)
    - GoogleUtilities/Environment (~> 8.1)
    - GoogleUtilities/UserDefaults (~> 8.1)
    - PromisesObjC (~> 2.4)
  - FirebaseMessaging (12.10.0):
    - FirebaseCore (~> 12.10.0)
    - FirebaseInstallations (~> 12.10.0)
    - GoogleDataTransport (~> 10.1)
    - GoogleUtilities/AppDelegateSwizzler (~> 8.1)
    - GoogleUtilities/Environment (~> 8.1)
    - GoogleUtilities/Reachability (~> 8.1)
    - GoogleUtilities/UserDefaults (~> 8.1)
    - nanopb (~> 3.30910.0)
  - GoogleDataTransport (10.1.0):
    - nanopb (~> 3.30910.0)
    - PromisesObjC (~> 2.4)
  - GoogleSignIn (9.0.0):
    - AppAuth (~> 2.0)
    - AppCheckCore (~> 11.0)
    - GTMAppAuth (~> 5.0)
    - GTMSessionFetcher/Core (~> 3.3)
  - GoogleUtilities/AppDelegateSwizzler (8.1.0):
    - GoogleUtilities/Environment
    - GoogleUtilities/Logger
    - GoogleUtilities/Network
    - GoogleUtilities/Privacy
  - GoogleUtilities/Environment (8.1.0):
    - GoogleUtilities/Privacy
  - GoogleUtilities/Logger (8.1.0):
    - GoogleUtilities/Environment
    - GoogleUtilities/Privacy
  - GoogleUtilities/Network (8.1.0):
    - GoogleUtilities/Logger
    - "GoogleUtilities/NSData+zlib"
    - GoogleUtilities/Privacy
    - GoogleUtilities/Reachability
  - "GoogleUtilities/NSData+zlib (8.1.0)":
    - GoogleUtilities/Privacy
  - GoogleUtilities/Privacy (8.1.0)
  - GoogleUtilities/Reachability (8.1.0):
    - GoogleUtilities/Logger
    - GoogleUtilities/Privacy
  - GoogleUtilities/UserDefaults (8.1.0):
    - GoogleUtilities/Logger
    - GoogleUtilities/Privacy
  - GTMAppAuth (5.0.0):
    - AppAuth/Core (~> 2.0)
    - GTMSessionFetcher/Core (< 4.0, >= 3.3)
  - GTMSessionFetcher/Core (3.5.0)
  - IONFilesystemLib (1.1.2)
  - nanopb (3.30910.0):
    - nanopb/decode (= 3.30910.0)
    - nanopb/encode (= 3.30910.0)
  - nanopb/decode (3.30910.0)
  - nanopb/encode (3.30910.0)
  - PromisesObjC (2.4.0)
  - PurchasesHybridCommon (13.26.0):
    - RevenueCat (= 5.20.0)
  - RevenueCat (5.20.0)
  - RevenuecatPurchasesCapacitor (9.2.2):
    - Capacitor
    - PurchasesHybridCommon (= 13.26.0)
  - Version (0.8.0)
  - ZIPFoundation (0.9.20)

DEPENDENCIES:
  - "Capacitor (from `../../node_modules/.pnpm/@capacitor+ios@7.6.0_@capacitor+core@7.6.0/node_modules/@capacitor/ios`)"
  - "CapacitorApp (from `../../node_modules/.pnpm/@capacitor+app@7.1.2_@capacitor+core@7.6.0/node_modules/@capacitor/app`)"
  - "CapacitorCordova (from `../../node_modules/.pnpm/@capacitor+ios@7.6.0_@capacitor+core@7.6.0/node_modules/@capacitor/ios`)"
  - "CapacitorFilesystem (from `../../node_modules/.pnpm/@capacitor+filesystem@8.1.2_@capacitor+core@7.6.0/node_modules/@capacitor/filesystem`)"
  - "CapacitorHaptics (from `../../node_modules/.pnpm/@capacitor+haptics@7.0.4_@capacitor+core@7.6.0/node_modules/@capacitor/haptics`)"
  - "CapacitorKeyboard (from `../../node_modules/.pnpm/@capacitor+keyboard@7.0.5_@capacitor+core@7.6.0/node_modules/@capacitor/keyboard`)"
  - "CapacitorPluginSafeArea (from `../../node_modules/.pnpm/capacitor-plugin-safe-area@5.0.0_@capacitor+core@7.6.0/node_modules/capacitor-plugin-safe-area`)"
  - "CapacitorPushNotifications (from `../../node_modules/.pnpm/@capacitor+push-notifications@7.0.6_@capacitor+core@7.6.0/node_modules/@capacitor/push-notifications`)"
  - "CapacitorShare (from `../../node_modules/.pnpm/@capacitor+share@8.0.1_@capacitor+core@7.6.0/node_modules/@capacitor/share`)"
  - "CapacitorStatusBar (from `../../node_modules/.pnpm/@capacitor+status-bar@7.0.5_@capacitor+core@7.6.0/node_modules/@capacitor/status-bar`)"
  - "CapgoCapacitorSocialLogin (from `../../node_modules/.pnpm/@capgo+capacitor-social-login@8.3.9_@capacitor+core@7.6.0/node_modules/@capgo/capacitor-social-login`)"
  - "CapgoCapacitorUpdater (from `../../node_modules/.pnpm/@capgo+capacitor-updater@7.43.3_@capacitor+core@7.6.0/node_modules/@capgo/capacitor-updater`)"
  - FirebaseMessaging
  - "RevenuecatPurchasesCapacitor (from `../../node_modules/.pnpm/@revenuecat+purchases-capacitor@9.2.2_@capacitor+core@7.6.0/node_modules/@revenuecat/purchases-capacitor`)"

SPEC REPOS:
  trunk:
    - Alamofire
    - AppAuth
    - AppCheckCore
    - BigInt
    - FBAEMKit
    - FBSDKCoreKit
    - FBSDKCoreKit_Basics
    - FBSDKLoginKit
    - FirebaseCore
    - FirebaseCoreInternal
    - FirebaseInstallations
    - FirebaseMessaging
    - GoogleDataTransport
    - GoogleSignIn
    - GoogleUtilities
    - GTMAppAuth
    - GTMSessionFetcher
    - IONFilesystemLib
    - nanopb
    - PromisesObjC
    - PurchasesHybridCommon
    - RevenueCat
    - Version
    - ZIPFoundation

EXTERNAL SOURCES:
  Capacitor:
    :path: "../../node_modules/.pnpm/@capacitor+ios@7.6.0_@capacitor+core@7.6.0/node_modules/@capacitor/ios"
  CapacitorApp:
    :path: "../../node_modules/.pnpm/@capacitor+app@7.1.2_@capacitor+core@7.6.0/node_modules/@capacitor/app"
  CapacitorCordova:
    :path: "../../node_modules/.pnpm/@capacitor+ios@7.6.0_@capacitor+core@7.6.0/node_modules/@capacitor/ios"
  CapacitorFilesystem:
    :path: "../../node_modules/.pnpm/@capacitor+filesystem@8.1.2_@capacitor+core@7.6.0/node_modules/@capacitor/filesystem"
  CapacitorHaptics:
    :path: "../../node_modules/.pnpm/@capacitor+haptics@7.0.4_@capacitor+core@7.6.0/node_modules/@capacitor/haptics"
  CapacitorKeyboard:
    :path: "../../node_modules/.pnpm/@capacitor+keyboard@7.0.5_@capacitor+core@7.6.0/node_modules/@capacitor/keyboard"
  CapacitorPluginSafeArea:
    :path: "../../node_modules/.pnpm/capacitor-plugin-safe-area@5.0.0_@capacitor+core@7.6.0/node_modules/capacitor-plugin-safe-area"
  CapacitorPushNotifications:
    :path: "../../node_modules/.pnpm/@capacitor+push-notifications@7.0.6_@capacitor+core@7.6.0/node_modules/@capacitor/push-notifications"
  CapacitorShare:
    :path: "../../node_modules/.pnpm/@capacitor+share@8.0.1_@capacitor+core@7.6.0/node_modules/@capacitor/share"
  CapacitorStatusBar:
    :path: "../../node_modules/.pnpm/@capacitor+status-bar@7.0.5_@capacitor+core@7.6.0/node_modules/@capacitor/status-bar"
  CapgoCapacitorSocialLogin:
    :path: "../../node_modules/.pnpm/@capgo+capacitor-social-login@8.3.9_@capacitor+core@7.6.0/node_modules/@capgo/capacitor-social-login"
  CapgoCapacitorUpdater:
    :path: "../../node_modules/.pnpm/@capgo+capacitor-updater@7.43.3_@capacitor+core@7.6.0/node_modules/@capgo/capacitor-updater"
  RevenuecatPurchasesCapacitor:
    :path: "../../node_modules/.pnpm/@revenuecat+purchases-capacitor@9.2.2_@capacitor+core@7.6.0/node_modules/@revenuecat/purchases-capacitor"

SPEC CHECKSUMS:
  Alamofire: 7193b3b92c74a07f85569e1a6c4f4237291e7496
  AppAuth: 1c1a8afa7e12f2ec3a294d9882dfa5ab7d3cb063
  AppCheckCore: cc8fd0a3a230ddd401f326489c99990b013f0c4f
  BigInt: f668a80089607f521586bbe29513d708491ef2f7
  Capacitor: 6e644e9e3369368ac601c77a0fad57f34b78aaa6
  CapacitorApp: f01a913211780e0718dae9750442c3e23f96e106
  CapacitorCordova: f163aa2e84b79efc54d6a75b305bc7e05fb80c5d
  CapacitorFilesystem: 2db285a1ac6e475cc27cae2e1bea999000f9e2be
  CapacitorHaptics: bf3f58fc5dc7975a7ad5b7c725e5bb5bd435ae81
  CapacitorKeyboard: 2fa1e17aec16aef8b01adbc20e8fc295db46104d
  CapacitorPluginSafeArea: 9d0682951c011bf0b36e513a89103c5fbff7ac49
  CapacitorPushNotifications: b8e30637549ce91468b8c4dddbef2657be831f4c
  CapacitorShare: 0c58305114538568059bfc07111f22dcb9cb2a82
  CapacitorStatusBar: 6de542f202c0dd3f9d0a73b240d4c9d3dddc49b4
  CapgoCapacitorSocialLogin: 40f5e338f45d95f2e33c9fb224ad4c00471de816
  CapgoCapacitorUpdater: da7d18b310f35e6d022fe63417b8e5c18b40cd24
  FBAEMKit: 2a6b529993713c185b02bc36f8c91129bf78dfb0
  FBSDKCoreKit: 65d7f7a7d6fcc3aa6eb6e093ec737a4184fc6049
  FBSDKCoreKit_Basics: 7bc9d8fde8f70985fba2ed7c1d07e319f969a991
  FBSDKLoginKit: 66d20fcb7afcafc0c420477662f96845cd1a5179
  FirebaseCore: f4428e22415ea3b3eca652c2098413dabf2a23a9
  FirebaseCoreInternal: e7bbaeb00ab73011298f35ed223aa7371e212948
  FirebaseInstallations: 047343aa91fd6a1ebfa3eb374ddecf36a8aaddfd
  FirebaseMessaging: ed18fb50634e6e85b5d3e77e628c21e2c928cc53
  GoogleDataTransport: aae35b7ea0c09004c3797d53c8c41f66f219d6a7
  GoogleSignIn: c7f09cfbc85a1abf69187be091997c317cc33b77
  GoogleUtilities: 00c88b9a86066ef77f0da2fab05f65d7768ed8e1
  GTMAppAuth: 217a876b249c3c585a54fd6f73e6b58c4f5c4238
  GTMSessionFetcher: 5aea5ba6bd522a239e236100971f10cb71b96ab6
  IONFilesystemLib: 21a63377696b2d8fab5632ecfb7d2ac67bddb68a
  nanopb: fad817b59e0457d11a5dfbde799381cd727c1275
  PromisesObjC: f5707f49cb48b9636751c5b2e7d227e43fba9f47
  PurchasesHybridCommon: fa166fc8b385cf80f581f923c91d8ccffe5dd7f8
  RevenueCat: e47ff90dfd271fde155a4befe48e8fc02e8281e4
  RevenuecatPurchasesCapacitor: 6727a4dc1455bdf2374259420719ce5dfbe957fa
  Version: de5907f2c5d0f3cf21708db7801d1d5401139486
  ZIPFoundation: dfd3d681c4053ff7e2f7350bc4e53b5dba3f5351

PODFILE CHECKSUM: 8b1f2b61bb8521862938af7fb15f299de5b20949

COCOAPODS: 1.16.2
